dependencies:
- name: postgresql
  repository: oci://registry-1.docker.io/bitnamicharts
  version: 18.7.11
- name: valkey
  repository: https://valkey.io/valkey-helm/
  version: 0.9.3
- name: neo4j
  repository: https://helm.neo4j.com/neo4j
  version: 2025.12.1
digest: sha256:4b62bb633cd055e28a6080867c59f85f690e2e5d3570aa4d45c6024f3b68657c
generated: "2026-07-09T20:52:32.579049842Z"
